
Microsoft Visual Studio Solution File, Format Version 12.00
# Visual Studio 15
Project("{FAE04EC0-301F-11D3-BF4B-00C04F79EFBC}") = "Xamarin.iOS.Bugly", "Xamarin.iOS.Bugly\Xamarin.iOS.Bugly.csproj", "{50F915FA-85A2-4732-8144-0BC985F39DFD}"
EndProject
Global
	GlobalSection(SolutionConfigurationPlatforms) = preSolution
		Debug|Any CPU = Debug|Any CPU
		Release|Any CPU = Release|Any CPU
	EndGlobalSection
	GlobalSection(ProjectConfigurationPlatforms) = postSolution
		{50F915FA-85A2-4732-8144-0BC985F39DFD}.Debug|Any CPU.ActiveCfg = Debug|Any CPU
		{50F915FA-85A2-4732-8144-0BC985F39DFD}.Debug|Any CPU.Build.0 = Debug|Any CPU
		{50F915FA-85A2-4732-8144-0BC985F39DFD}.Release|Any CPU.ActiveCfg = Release|Any CPU
		{50F915FA-85A2-4732-8144-0BC985F39DFD}.Release|Any CPU.Build.0 = Release|Any CPU
	EndGlobalSection
EndGlobal
